
Microsoft Visual Studio Solution File, Format Version 12.00
# Visual Studio Version 17
VisualStudioVersion = 17.8.34330.188
MinimumVisualStudioVersion = 10.0.40219.1
Project("{FAE04EC0-301F-11D3-BF4B-00C04F79EFBC}") = "flight planner", "flight planner\flight planner.csproj", "{F72F9039-7244-46F8-898F-6FEE77D7D923}"
EndProject
Global
	GlobalSection(SolutionConfigurationPlatforms) = preSolution
		Debug|Any CPU = Debug|Any CPU
		Release|Any CPU = Release|Any CPU
	EndGlobalSection
	GlobalSection(ProjectConfigurationPlatforms) = postSolution
		{F72F9039-7244-46F8-898F-6FEE77D7D923}.Debug|Any CPU.ActiveCfg = Debug|Any CPU
		{F72F9039-7244-46F8-898F-6FEE77D7D923}.Debug|Any CPU.Build.0 = Debug|Any CPU
		{F72F9039-7244-46F8-898F-6FEE77D7D923}.Release|Any CPU.ActiveCfg = Release|Any CPU
		{F72F9039-7244-46F8-898F-6FEE77D7D923}.Release|Any CPU.Build.0 = Release|Any CPU
	EndGlobalSection
	GlobalSection(SolutionProperties) = preSolution
		HideSolutionNode = FALSE
	EndGlobalSection
	GlobalSection(ExtensibilityGlobals) = postSolution
		SolutionGuid = {6AF7B8F0-1ED8-426B-A3EC-D39F3E8BBCAD}
	EndGlobalSection
EndGlobal
